
Microsoft Visual Studio Solution File, Format Version 12.00
# Visual Studio 2013
VisualStudioVersion = 12.0.31101.0
MinimumVisualStudioVersion = 10.0.40219.1
Project("{FAE04EC0-301F-11D3-BF4B-00C04F79EFBC}") = "HastaneGDB.Data", "HastaneGDB.Data\HastaneGDB.Data.csproj", "{AD9E9174-E289-4789-8F06-43ACF705C7D7}"
EndProject
Project("{FAE04EC0-301F-11D3-BF4B-00C04F79EFBC}") = "HastaneGDB.Biz", "HastaneGDB.Biz\HastaneGDB.Biz.csproj", "{99FDDFFD-BAE2-4A4D-A28A-BE0921C9AA71}"
EndProject
Project("{FAE04EC0-301F-11D3-BF4B-00C04F79EFBC}") = "HastaneGDB.UI", "HastaneGDB.UI\HastaneGDB.UI.csproj", "{22EFCA4A-AB0F-4936-9AAD-70490E65DDD4}"
EndProject
Global
	GlobalSection(SolutionConfigurationPlatforms) = preSolution
		Debug|Any CPU = Debug|Any CPU
		Release|Any CPU = Release|Any CPU
	EndGlobalSection
	GlobalSection(ProjectConfigurationPlatforms) = postSolution
		{AD9E9174-E289-4789-8F06-43ACF705C7D7}.Debug|Any CPU.ActiveCfg = Debug|Any CPU
		{AD9E9174-E289-4789-8F06-43ACF705C7D7}.Debug|Any CPU.Build.0 = Debug|Any CPU
		{AD9E9174-E289-4789-8F06-43ACF705C7D7}.Release|Any CPU.ActiveCfg = Release|Any CPU
		{AD9E9174-E289-4789-8F06-43ACF705C7D7}.Release|Any CPU.Build.0 = Release|Any CPU
		{99FDDFFD-BAE2-4A4D-A28A-BE0921C9AA71}.Debug|Any CPU.ActiveCfg = Debug|Any CPU
		{99FDDFFD-BAE2-4A4D-A28A-BE0921C9AA71}.Debug|Any CPU.Build.0 = Debug|Any CPU
		{99FDDFFD-BAE2-4A4D-A28A-BE0921C9AA71}.Release|Any CPU.ActiveCfg = Release|Any CPU
		{99FDDFFD-BAE2-4A4D-A28A-BE0921C9AA71}.Release|Any CPU.Build.0 = Release|Any CPU
		{22EFCA4A-AB0F-4936-9AAD-70490E65DDD4}.Debug|Any CPU.ActiveCfg = Debug|Any CPU
		{22EFCA4A-AB0F-4936-9AAD-70490E65DDD4}.Debug|Any CPU.Build.0 = Debug|Any CPU
		{22EFCA4A-AB0F-4936-9AAD-70490E65DDD4}.Release|Any CPU.ActiveCfg = Release|Any CPU
		{22EFCA4A-AB0F-4936-9AAD-70490E65DDD4}.Release|Any CPU.Build.0 = Release|Any CPU
	EndGlobalSection
	GlobalSection(SolutionProperties) = preSolution
		HideSolutionNode = FALSE
	EndGlobalSection
EndGlobal
